
Microsoft Visual Studio Solution File, Format Version 12.00
# Visual Studio 14
VisualStudioVersion = 14.0.25420.1
MinimumVisualStudioVersion = 10.0.40219.1
Project("{E24C65DC-7377-472B-9ABA-BC803B73C61A}") = "callcenter", ".", "{B0DB87C4-309D-4E60-BE9D-09677E9B5DC1}"
	ProjectSection(WebsiteProperties) = preProject
		TargetFrameworkMoniker = ".NETFramework,Version%3Dv4.5.1"
		Debug.AspNetCompiler.VirtualPath = "/localhost_62877"
		Debug.AspNetCompiler.PhysicalPath = "D:\01TRABALHO\46GoogleChart\callcenter\"
		Debug.AspNetCompiler.TargetPath = "PrecompiledWeb\localhost_62877\"
		Debug.AspNetCompiler.Updateable = "true"
		Debug.AspNetCompiler.ForceOverwrite = "true"
		Debug.AspNetCompiler.FixedNames = "false"
		Debug.AspNetCompiler.Debug = "True"
		Release.AspNetCompiler.VirtualPath = "/localhost_62877"
		Release.AspNetCompiler.PhysicalPath = "D:\01TRABALHO\46GoogleChart\callcenter\"
		Release.AspNetCompiler.TargetPath = "PrecompiledWeb\localhost_62877\"
		Release.AspNetCompiler.Updateable = "true"
		Release.AspNetCompiler.ForceOverwrite = "true"
		Release.AspNetCompiler.FixedNames = "false"
		Release.AspNetCompiler.Debug = "False"
		VWDPort = "62877"
	EndProjectSection
EndProject
Global
	GlobalSection(SolutionConfigurationPlatforms) = preSolution
		Debug|Any CPU = Debug|Any CPU
	EndGlobalSection
	GlobalSection(ProjectConfigurationPlatforms) = postSolution
		{B0DB87C4-309D-4E60-BE9D-09677E9B5DC1}.Debug|Any CPU.ActiveCfg = Debug|Any CPU
		{B0DB87C4-309D-4E60-BE9D-09677E9B5DC1}.Debug|Any CPU.Build.0 = Debug|Any CPU
	EndGlobalSection
	GlobalSection(SolutionProperties) = preSolution
		HideSolutionNode = FALSE
	EndGlobalSection
EndGlobal
